
Microsoft Visual Studio Solution File, Format Version 12.00
# Visual Studio Version 16
VisualStudioVersion = 16.0.30804.86
MinimumVisualStudioVersion = 10.0.40219.1
Project("{FAE04EC0-301F-11D3-BF4B-00C04F79EFBC}") = "Example", "Example\Example\Example.csproj", "{B476F7FB-DD84-40C7-83F6-1DCAA44F0895}"
EndProject
Project("{2150E333-8FDC-42A3-9474-1A3956D46DE8}") = "Lib", "Lib", "{96C44AA6-1C1A-452C-9E87-D5483BAF7E04}"
EndProject
Project("{2150E333-8FDC-42A3-9474-1A3956D46DE8}") = "Sample", "Sample", "{29954666-3C0F-430D-86CD-1D51BA2C336E}"
EndProject
Project("{FAE04EC0-301F-11D3-BF4B-00C04F79EFBC}") = "PhotoEditorToolkit", "PhotoEditorToolkit\PhotoEditorToolkit.csproj", "{3924D2D8-45C2-4205-BB9C-397AF9FF4895}"
EndProject
Project("{FAE04EC0-301F-11D3-BF4B-00C04F79EFBC}") = "PhotoEditorToolkitExample", "..\PhotoEditorToolkitExample\PhotoEditorToolkitExample.csproj", "{BFC27718-787A-4C59-9F27-275A545CA8EB}"
EndProject
Global
	GlobalSection(SolutionConfigurationPlatforms) = preSolution
		Debug|Any CPU = Debug|Any CPU
		Debug|ARM = Debug|ARM
		Debug|ARM64 = Debug|ARM64
		Debug|x64 = Debug|x64
		Debug|x86 = Debug|x86
		Release|Any CPU = Release|Any CPU
		Release|ARM = Release|ARM
		Release|ARM64 = Release|ARM64
		Release|x64 = Release|x64
		Release|x86 = Release|x86
	EndGlobalSection
	GlobalSection(ProjectConfigurationPlatforms) = postSolution
		{B476F7FB-DD84-40C7-83F6-1DCAA44F0895}.Debug|Any CPU.ActiveCfg = Debug|x86
		{B476F7FB-DD84-40C7-83F6-1DCAA44F0895}.Debug|Any CPU.Build.0 = Debug|x86
		{B476F7FB-DD84-40C7-83F6-1DCAA44F0895}.Debug|Any CPU.Deploy.0 = Debug|x86
		{B476F7FB-DD84-40C7-83F6-1DCAA44F0895}.Debug|ARM.ActiveCfg = Debug|ARM
		{B476F7FB-DD84-40C7-83F6-1DCAA44F0895}.Debug|ARM.Build.0 = Debug|ARM
		{B476F7FB-DD84-40C7-83F6-1DCAA44F0895}.Debug|ARM.Deploy.0 = Debug|ARM
		{B476F7FB-DD84-40C7-83F6-1DCAA44F0895}.Debug|ARM64.ActiveCfg = Debug|ARM64
		{B476F7FB-DD84-40C7-83F6-1DCAA44F0895}.Debug|ARM64.Build.0 = Debug|ARM64
		{B476F7FB-DD84-40C7-83F6-1DCAA44F0895}.Debug|ARM64.Deploy.0 = Debug|ARM64
		{B476F7FB-DD84-40C7-83F6-1DCAA44F0895}.Debug|x64.ActiveCfg = Debug|x64
		{B476F7FB-DD84-40C7-83F6-1DCAA44F0895}.Debug|x64.Build.0 = Debug|x64
		{B476F7FB-DD84-40C7-83F6-1DCAA44F0895}.Debug|x64.Deploy.0 = Debug|x64
		{B476F7FB-DD84-40C7-83F6-1DCAA44F0895}.Debug|x86.ActiveCfg = Debug|x86
		{B476F7FB-DD84-40C7-83F6-1DCAA44F0895}.Debug|x86.Build.0 = Debug|x86
		{B476F7FB-DD84-40C7-83F6-1DCAA44F0895}.Debug|x86.Deploy.0 = Debug|x86
		{B476F7FB-DD84-40C7-83F6-1DCAA44F0895}.Release|Any CPU.ActiveCfg = Release|x86
		{B476F7FB-DD84-40C7-83F6-1DCAA44F0895}.Release|ARM.ActiveCfg = Release|ARM
		{B476F7FB-DD84-40C7-83F6-1DCAA44F0895}.Release|ARM.Build.0 = Release|ARM
		{B476F7FB-DD84-40C7-83F6-1DCAA44F0895}.Release|ARM.Deploy.0 = Release|ARM
		{B476F7FB-DD84-40C7-83F6-1DCAA44F0895}.Release|ARM64.ActiveCfg = Release|ARM64
		{B476F7FB-DD84-40C7-83F6-1DCAA44F0895}.Release|ARM64.Build.0 = Release|ARM64
		{B476F7FB-DD84-40C7-83F6-1DCAA44F0895}.Release|ARM64.Deploy.0 = Release|ARM64
		{B476F7FB-DD84-40C7-83F6-1DCAA44F0895}.Release|x64.ActiveCfg = Release|x64
		{B476F7FB-DD84-40C7-83F6-1DCAA44F0895}.Release|x64.Build.0 = Release|x64
		{B476F7FB-DD84-40C7-83F6-1DCAA44F0895}.Release|x64.Deploy.0 = Release|x64
		{B476F7FB-DD84-40C7-83F6-1DCAA44F0895}.Release|x86.ActiveCfg = Release|x86
		{B476F7FB-DD84-40C7-83F6-1DCAA44F0895}.Release|x86.Build.0 = Release|x86
		{B476F7FB-DD84-40C7-83F6-1DCAA44F0895}.Release|x86.Deploy.0 = Release|x86
		{3924D2D8-45C2-4205-BB9C-397AF9FF4895}.Debug|Any CPU.ActiveCfg = Debug|Any CPU
		{3924D2D8-45C2-4205-BB9C-397AF9FF4895}.Debug|Any CPU.Build.0 = Debug|Any CPU
		{3924D2D8-45C2-4205-BB9C-397AF9FF4895}.Debug|ARM.ActiveCfg = Debug|ARM
		{3924D2D8-45C2-4205-BB9C-397AF9FF4895}.Debug|ARM.Build.0 = Debug|ARM
		{3924D2D8-45C2-4205-BB9C-397AF9FF4895}.Debug|ARM64.ActiveCfg = Debug|ARM64
		{3924D2D8-45C2-4205-BB9C-397AF9FF4895}.Debug|ARM64.Build.0 = Debug|ARM64
		{3924D2D8-45C2-4205-BB9C-397AF9FF4895}.Debug|x64.ActiveCfg = Debug|x64
		{3924D2D8-45C2-4205-BB9C-397AF9FF4895}.Debug|x64.Build.0 = Debug|x64
		{3924D2D8-45C2-4205-BB9C-397AF9FF4895}.Debug|x86.ActiveCfg = Debug|x86
		{3924D2D8-45C2-4205-BB9C-397AF9FF4895}.Debug|x86.Build.0 = Debug|x86
		{3924D2D8-45C2-4205-BB9C-397AF9FF4895}.Release|Any CPU.ActiveCfg = Release|Any CPU
		{3924D2D8-45C2-4205-BB9C-397AF9FF4895}.Release|Any CPU.Build.0 = Release|Any CPU
		{3924D2D8-45C2-4205-BB9C-397AF9FF4895}.Release|ARM.ActiveCfg = Release|ARM
		{3924D2D8-45C2-4205-BB9C-397AF9FF4895}.Release|ARM.Build.0 = Release|ARM
		{3924D2D8-45C2-4205-BB9C-397AF9FF4895}.Release|ARM64.ActiveCfg = Release|ARM64
		{3924D2D8-45C2-4205-BB9C-397AF9FF4895}.Release|ARM64.Build.0 = Release|ARM64
		{3924D2D8-45C2-4205-BB9C-397AF9FF4895}.Release|x64.ActiveCfg = Release|x64
		{3924D2D8-45C2-4205-BB9C-397AF9FF4895}.Release|x64.Build.0 = Release|x64
		{3924D2D8-45C2-4205-BB9C-397AF9FF4895}.Release|x86.ActiveCfg = Release|x86
		{3924D2D8-45C2-4205-BB9C-397AF9FF4895}.Release|x86.Build.0 = Release|x86
		{BFC27718-787A-4C59-9F27-275A545CA8EB}.Debug|Any CPU.ActiveCfg = Debug|x86
		{BFC27718-787A-4C59-9F27-275A545CA8EB}.Debug|Any CPU.Build.0 = Debug|x86
		{BFC27718-787A-4C59-9F27-275A545CA8EB}.Debug|Any CPU.Deploy.0 = Debug|x86
		{BFC27718-787A-4C59-9F27-275A545CA8EB}.Debug|ARM.ActiveCfg = Debug|ARM
		{BFC27718-787A-4C59-9F27-275A545CA8EB}.Debug|ARM.Build.0 = Debug|ARM
		{BFC27718-787A-4C59-9F27-275A545CA8EB}.Debug|ARM.Deploy.0 = Debug|ARM
		{BFC27718-787A-4C59-9F27-275A545CA8EB}.Debug|ARM64.ActiveCfg = Debug|ARM64
		{BFC27718-787A-4C59-9F27-275A545CA8EB}.Debug|ARM64.Build.0 = Debug|ARM64
		{BFC27718-787A-4C59-9F27-275A545CA8EB}.Debug|ARM64.Deploy.0 = Debug|ARM64
		{BFC27718-787A-4C59-9F27-275A545CA8EB}.Debug|x64.ActiveCfg = Debug|x64
		{BFC27718-787A-4C59-9F27-275A545CA8EB}.Debug|x64.Build.0 = Debug|x64
		{BFC27718-787A-4C59-9F27-275A545CA8EB}.Debug|x64.Deploy.0 = Debug|x64
		{BFC27718-787A-4C59-9F27-275A545CA8EB}.Debug|x86.ActiveCfg = Debug|x86
		{BFC27718-787A-4C59-9F27-275A545CA8EB}.Debug|x86.Build.0 = Debug|x86
		{BFC27718-787A-4C59-9F27-275A545CA8EB}.Debug|x86.Deploy.0 = Debug|x86
		{BFC27718-787A-4C59-9F27-275A545CA8EB}.Release|Any CPU.ActiveCfg = Release|x86
		{BFC27718-787A-4C59-9F27-275A545CA8EB}.Release|ARM.ActiveCfg = Release|ARM
		{BFC27718-787A-4C59-9F27-275A545CA8EB}.Release|ARM.Build.0 = Release|ARM
		{BFC27718-787A-4C59-9F27-275A545CA8EB}.Release|ARM.Deploy.0 = Release|ARM
		{BFC27718-787A-4C59-9F27-275A545CA8EB}.Release|ARM64.ActiveCfg = Release|ARM64
		{BFC27718-787A-4C59-9F27-275A545CA8EB}.Release|ARM64.Build.0 = Release|ARM64
		{BFC27718-787A-4C59-9F27-275A545CA8EB}.Release|ARM64.Deploy.0 = Release|ARM64
		{BFC27718-787A-4C59-9F27-275A545CA8EB}.Release|x64.ActiveCfg = Release|x64
		{BFC27718-787A-4C59-9F27-275A545CA8EB}.Release|x64.Build.0 = Release|x64
		{BFC27718-787A-4C59-9F27-275A545CA8EB}.Release|x64.Deploy.0 = Release|x64
		{BFC27718-787A-4C59-9F27-275A545CA8EB}.Release|x86.ActiveCfg = Release|x86
		{BFC27718-787A-4C59-9F27-275A545CA8EB}.Release|x86.Build.0 = Release|x86
		{BFC27718-787A-4C59-9F27-275A545CA8EB}.Release|x86.Deploy.0 = Release|x86
	EndGlobalSection
	GlobalSection(SolutionProperties) = preSolution
		HideSolutionNode = FALSE
	EndGlobalSection
	GlobalSection(NestedProjects) = preSolution
		{B476F7FB-DD84-40C7-83F6-1DCAA44F0895} = {29954666-3C0F-430D-86CD-1D51BA2C336E}
		{3924D2D8-45C2-4205-BB9C-397AF9FF4895} = {96C44AA6-1C1A-452C-9E87-D5483BAF7E04}
		{BFC27718-787A-4C59-9F27-275A545CA8EB} = {29954666-3C0F-430D-86CD-1D51BA2C336E}
	EndGlobalSection
	GlobalSection(ExtensibilityGlobals) = postSolution
		SolutionGuid = {2A0C5452-4FE6-4A61-B255-A90C195A26B3}
	EndGlobalSection
EndGlobal
